
Microsoft Visual Studio Solution File, Format Version 12.00
# Visual Studio 15
VisualStudioVersion = 15.0.28307.1062
MinimumVisualStudioVersion = 10.0.40219.1
Project("{888888A0-9F3D-457C-B088-3A5042F75D52}") = "telephone_api", "telephone_api.pyproj", "{8B48CBFB-C0A1-4FC2-8411-F9CAED2548E8}"
EndProject
Global
	GlobalSection(SolutionConfigurationPlatforms) = preSolution
		Debug|Any CPU = Debug|Any CPU
		Release|Any CPU = Release|Any CPU
	EndGlobalSection
	GlobalSection(ProjectConfigurationPlatforms) = postSolution
		{8B48CBFB-C0A1-4FC2-8411-F9CAED2548E8}.Debug|Any CPU.ActiveCfg = Debug|Any CPU
		{8B48CBFB-C0A1-4FC2-8411-F9CAED2548E8}.Release|Any CPU.ActiveCfg = Release|Any CPU
	EndGlobalSection
	GlobalSection(SolutionProperties) = preSolution
		HideSolutionNode = FALSE
	EndGlobalSection
	GlobalSection(ExtensibilityGlobals) = postSolution
		SolutionGuid = {870C7523-1CA4-4ED0-A135-CD4CAC536173}
	EndGlobalSection
EndGlobal
